
Microsoft Visual Studio Solution File, Format Version 12.00
# Visual Studio Version 16
VisualStudioVersion = 16.0.28705.295
MinimumVisualStudioVersion = 10.0.40219.1
Project("{9A19103F-16F7-4668-BE54-9A1E7A4F7556}") = "extractor", "extractor\extractor.csproj", "{8FE1465B-A81A-496A-B0D0-80CB18FE436B}"
EndProject
Project("{FAE04EC0-301F-11D3-BF4B-00C04F79EFBC}") = "mono-extractor", "mono-extractor\mono-extractor.csproj", "{8701AFBA-86EB-4D53-BE14-F8BCCB12E098}"
EndProject
Project("{2150E333-8FDC-42A3-9474-1A3956D46DE8}") = "Solution Items", "Solution Items", "{14F7507C-F267-435F-8D4E-18AB5C06A96E}"
	ProjectSection(SolutionItems) = preProject
		.editorconfig = .editorconfig
	EndProjectSection
EndProject
Global
	GlobalSection(SolutionConfigurationPlatforms) = preSolution
		Debug|Any CPU = Debug|Any CPU
		Release|Any CPU = Release|Any CPU
	EndGlobalSection
	GlobalSection(ProjectConfigurationPlatforms) = postSolution
		{8FE1465B-A81A-496A-B0D0-80CB18FE436B}.Debug|Any CPU.ActiveCfg = Debug|Any CPU
		{8FE1465B-A81A-496A-B0D0-80CB18FE436B}.Debug|Any CPU.Build.0 = Debug|Any CPU
		{8FE1465B-A81A-496A-B0D0-80CB18FE436B}.Release|Any CPU.ActiveCfg = Release|Any CPU
		{8FE1465B-A81A-496A-B0D0-80CB18FE436B}.Release|Any CPU.Build.0 = Release|Any CPU
		{8701AFBA-86EB-4D53-BE14-F8BCCB12E098}.Debug|Any CPU.ActiveCfg = Debug|Any CPU
		{8701AFBA-86EB-4D53-BE14-F8BCCB12E098}.Debug|Any CPU.Build.0 = Debug|Any CPU
		{8701AFBA-86EB-4D53-BE14-F8BCCB12E098}.Release|Any CPU.ActiveCfg = Release|Any CPU
		{8701AFBA-86EB-4D53-BE14-F8BCCB12E098}.Release|Any CPU.Build.0 = Release|Any CPU
	EndGlobalSection
	GlobalSection(SolutionProperties) = preSolution
		HideSolutionNode = FALSE
	EndGlobalSection
	GlobalSection(ExtensibilityGlobals) = postSolution
		SolutionGuid = {BF67E4F6-9EE6-402A-A374-D92A6BDB179D}
	EndGlobalSection
EndGlobal
